
Microsoft Visual Studio Solution File, Format Version 12.00
# Visual Studio Version 17
VisualStudioVersion = 17.0.31903.59
MinimumVisualStudioVersion = 10.0.40219.1
Project("{FAE04EC0-301F-11D3-BF4B-00C04F79EFBC}") = "MyMath", "MyMath\MyMath.csproj", "{59C8FB36-35B2-4C81-8070-C64B0F700CEF}"
EndProject
Project("{FAE04EC0-301F-11D3-BF4B-00C04F79EFBC}") = "MyMath.Tests", "MyMath.Tests\MyMath.Tests.csproj", "{CF889033-988E-4F7A-9652-9BAD052F577A}"
EndProject
Global
	GlobalSection(SolutionConfigurationPlatforms) = preSolution
		Debug|Any CPU = Debug|Any CPU
		Release|Any CPU = Release|Any CPU
	EndGlobalSection
	GlobalSection(SolutionProperties) = preSolution
		HideSolutionNode = FALSE
	EndGlobalSection
	GlobalSection(ProjectConfigurationPlatforms) = postSolution
		{59C8FB36-35B2-4C81-8070-C64B0F700CEF}.Debug|Any CPU.ActiveCfg = Debug|Any CPU
		{59C8FB36-35B2-4C81-8070-C64B0F700CEF}.Debug|Any CPU.Build.0 = Debug|Any CPU
		{59C8FB36-35B2-4C81-8070-C64B0F700CEF}.Release|Any CPU.ActiveCfg = Release|Any CPU
		{59C8FB36-35B2-4C81-8070-C64B0F700CEF}.Release|Any CPU.Build.0 = Release|Any CPU
		{CF889033-988E-4F7A-9652-9BAD052F577A}.Debug|Any CPU.ActiveCfg = Debug|Any CPU
		{CF889033-988E-4F7A-9652-9BAD052F577A}.Debug|Any CPU.Build.0 = Debug|Any CPU
		{CF889033-988E-4F7A-9652-9BAD052F577A}.Release|Any CPU.ActiveCfg = Release|Any CPU
		{CF889033-988E-4F7A-9652-9BAD052F577A}.Release|Any CPU.Build.0 = Release|Any CPU
	EndGlobalSection
EndGlobal
