
Microsoft Visual Studio Solution File, Format Version 12.00
# Visual Studio Version 17
VisualStudioVersion = 17.5.002.0
MinimumVisualStudioVersion = 10.0.40219.1
Project("{9A19103F-16F7-4668-BE54-9A1E7A4F7556}") = "InventoryManager", "InventoryManager.csproj", "{1A0FF562-D4F3-4575-87E6-97978FF0AAF8}"
EndProject
Project("{FAE04EC0-301F-11D3-BF4B-00C04F79EFBC}") = "InventoryLibrary", "..\InventoryLibrary\InventoryLibrary.csproj", "{29BE078E-CEF1-4B00-9526-C7AEECDDA60F}"
EndProject
Project("{FAE04EC0-301F-11D3-BF4B-00C04F79EFBC}") = "InventoryLibrary", "..\InventoryLibrary\InventoryLibrary.csproj", "{AB950911-A78C-469A-A55B-810B143BD330}"
EndProject
Global
	GlobalSection(SolutionConfigurationPlatforms) = preSolution
		Debug|Any CPU = Debug|Any CPU
		Release|Any CPU = Release|Any CPU
	EndGlobalSection
	GlobalSection(ProjectConfigurationPlatforms) = postSolution
		{1A0FF562-D4F3-4575-87E6-97978FF0AAF8}.Debug|Any CPU.ActiveCfg = Debug|Any CPU
		{1A0FF562-D4F3-4575-87E6-97978FF0AAF8}.Debug|Any CPU.Build.0 = Debug|Any CPU
		{1A0FF562-D4F3-4575-87E6-97978FF0AAF8}.Release|Any CPU.ActiveCfg = Release|Any CPU
		{1A0FF562-D4F3-4575-87E6-97978FF0AAF8}.Release|Any CPU.Build.0 = Release|Any CPU
		{29BE078E-CEF1-4B00-9526-C7AEECDDA60F}.Debug|Any CPU.ActiveCfg = Debug|Any CPU
		{29BE078E-CEF1-4B00-9526-C7AEECDDA60F}.Debug|Any CPU.Build.0 = Debug|Any CPU
		{29BE078E-CEF1-4B00-9526-C7AEECDDA60F}.Release|Any CPU.ActiveCfg = Release|Any CPU
		{29BE078E-CEF1-4B00-9526-C7AEECDDA60F}.Release|Any CPU.Build.0 = Release|Any CPU
		{AB950911-A78C-469A-A55B-810B143BD330}.Debug|Any CPU.ActiveCfg = Debug|Any CPU
		{AB950911-A78C-469A-A55B-810B143BD330}.Debug|Any CPU.Build.0 = Debug|Any CPU
		{AB950911-A78C-469A-A55B-810B143BD330}.Release|Any CPU.ActiveCfg = Release|Any CPU
		{AB950911-A78C-469A-A55B-810B143BD330}.Release|Any CPU.Build.0 = Release|Any CPU
	EndGlobalSection
	GlobalSection(SolutionProperties) = preSolution
		HideSolutionNode = FALSE
	EndGlobalSection
	GlobalSection(ExtensibilityGlobals) = postSolution
		SolutionGuid = {BD3DB82B-816A-4C1D-A8A7-3F8338FFC709}
	EndGlobalSection
EndGlobal